
Microsoft Visual Studio Solution File, Format Version 12.00
# Visual Studio 15
VisualStudioVersion = 15.0.27703.2018
MinimumVisualStudioVersion = 10.0.40219.1
Project("{FAE04EC0-301F-11D3-BF4B-00C04F79EFBC}") = "numbers", "numbers\numbers.csproj", "{6C6C9D0A-764C-44E0-BB8D-96E94C99F7FA}"
EndProject
Global
	GlobalSection(SolutionConfigurationPlatforms) = preSolution
		Debug|Any CPU = Debug|Any CPU
		Release|Any CPU = Release|Any CPU
	EndGlobalSection
	GlobalSection(ProjectConfigurationPlatforms) = postSolution
		{6C6C9D0A-764C-44E0-BB8D-96E94C99F7FA}.Debug|Any CPU.ActiveCfg = Debug|Any CPU
		{6C6C9D0A-764C-44E0-BB8D-96E94C99F7FA}.Debug|Any CPU.Build.0 = Debug|Any CPU
		{6C6C9D0A-764C-44E0-BB8D-96E94C99F7FA}.Release|Any CPU.ActiveCfg = Release|Any CPU
		{6C6C9D0A-764C-44E0-BB8D-96E94C99F7FA}.Release|Any CPU.Build.0 = Release|Any CPU
	EndGlobalSection
	GlobalSection(SolutionProperties) = preSolution
		HideSolutionNode = FALSE
	EndGlobalSection
	GlobalSection(ExtensibilityGlobals) = postSolution
		SolutionGuid = {9AFD7C3D-4D24-4293-8A0B-E7E7A6A784A8}
	EndGlobalSection
EndGlobal
